
Microsoft Visual Studio Solution File, Format Version 12.00
# Visual Studio Version 17
VisualStudioVersion = 17.7.34024.191
MinimumVisualStudioVersion = 10.0.40219.1
Project("{FAE04EC0-301F-11D3-BF4B-00C04F79EFBC}") = "ExceptionHandling1", "ExceptionHandling1\ExceptionHandling1.csproj", "{3A72192A-98DB-45DD-94F0-C035D3011812}"
EndProject
Project("{FAE04EC0-301F-11D3-BF4B-00C04F79EFBC}") = "ExceptionHandling2", "ExceptionHandling2\ExceptionHandling2.csproj", "{431F91D4-E506-493F-ADCD-94ECBD5C2C55}"
EndProject
Project("{FAE04EC0-301F-11D3-BF4B-00C04F79EFBC}") = "ExceptionHandling3", "ExceptionHandling3\ExceptionHandling3.csproj", "{8B9869FD-A577-4171-8220-A83187CF7BB1}"
EndProject
Global
	GlobalSection(SolutionConfigurationPlatforms) = preSolution
		Debug|Any CPU = Debug|Any CPU
		Release|Any CPU = Release|Any CPU
	EndGlobalSection
	GlobalSection(ProjectConfigurationPlatforms) = postSolution
		{3A72192A-98DB-45DD-94F0-C035D3011812}.Debug|Any CPU.ActiveCfg = Debug|Any CPU
		{3A72192A-98DB-45DD-94F0-C035D3011812}.Debug|Any CPU.Build.0 = Debug|Any CPU
		{3A72192A-98DB-45DD-94F0-C035D3011812}.Release|Any CPU.ActiveCfg = Release|Any CPU
		{3A72192A-98DB-45DD-94F0-C035D3011812}.Release|Any CPU.Build.0 = Release|Any CPU
		{431F91D4-E506-493F-ADCD-94ECBD5C2C55}.Debug|Any CPU.ActiveCfg = Debug|Any CPU
		{431F91D4-E506-493F-ADCD-94ECBD5C2C55}.Debug|Any CPU.Build.0 = Debug|Any CPU
		{431F91D4-E506-493F-ADCD-94ECBD5C2C55}.Release|Any CPU.ActiveCfg = Release|Any CPU
		{431F91D4-E506-493F-ADCD-94ECBD5C2C55}.Release|Any CPU.Build.0 = Release|Any CPU
		{8B9869FD-A577-4171-8220-A83187CF7BB1}.Debug|Any CPU.ActiveCfg = Debug|Any CPU
		{8B9869FD-A577-4171-8220-A83187CF7BB1}.Debug|Any CPU.Build.0 = Debug|Any CPU
		{8B9869FD-A577-4171-8220-A83187CF7BB1}.Release|Any CPU.ActiveCfg = Release|Any CPU
		{8B9869FD-A577-4171-8220-A83187CF7BB1}.Release|Any CPU.Build.0 = Release|Any CPU
	EndGlobalSection
	GlobalSection(SolutionProperties) = preSolution
		HideSolutionNode = FALSE
	EndGlobalSection
	GlobalSection(ExtensibilityGlobals) = postSolution
		SolutionGuid = {AAC9A38C-DBF2-4FCB-BEBF-3FB498E21DA1}
	EndGlobalSection
EndGlobal
